<?xml version="1.0" encoding="utf-8"?>
<Project ToolsVersion="4.0" xmlns="http://schemas.microsoft.com/developer/msbuild/2003">
  <ItemGroup>
    <Filter Include="Pliki źródłowe">
      <UniqueIdentifier>{4FC737F1-C7A5-4376-A066-2A32D752A2FF}</UniqueIdentifier>
      <Extensions>cpp;c;cc;cxx;def;odl;idl;hpj;bat;asm;asmx</Extensions>
    </Filter>
    <Filter Include="Pliki nagłówkowe">
      <UniqueIdentifier>{93995380-89BD-4b04-88EB-625FBE52EBFB}</UniqueIdentifier>
      <Extensions>h;hh;hpp;hxx;hm;inl;inc;ipp;xsd</Extensions>
    </Filter>
    <Filter Include="Pliki zasobów">
      <UniqueIdentifier>{67DA6AB6-F800-4c08-8B7A-83BB121AAD01}</UniqueIdentifier>
      <Extensions>rc;ico;cur;bmp;dlg;rc2;rct;bin;rgs;gif;jpg;jpeg;jpe;resx;tiff;tif;png;wav;mfcribbon-ms</Extensions>
    </Filter>
    <Filter Include="Pliki źródłowe\class source">
      <UniqueIdentifier>{ccf9cdbc-4810-4cbf-8bed-f2dbea64132f}</UniqueIdentifier>
    </Filter>
    <Filter Include="Pliki nagłówkowe\class headers">
      <UniqueIdentifier>{3d78cb44-1aef-45ce-83eb-abf4066cea28}</UniqueIdentifier>
    </Filter>
  </ItemGroup>
  <ItemGroup>
    <ClInclude Include="MainWindow.h">
      <Filter>Pliki nagłówkowe</Filter>
    </ClInclude>
    <ClInclude Include="DateWindow.h">
      <Filter>Pliki nagłówkowe</Filter>
    </ClInclude>
    <ClInclude Include="Date.h">
      <Filter>Pliki nagłówkowe\class headers</Filter>
    </ClInclude>
    <ClInclude Include="MovieWindow.h">
      <Filter>Pliki nagłówkowe</Filter>
    </ClInclude>
    <ClInclude Include="Reservation.h">
      <Filter>Pliki nagłówkowe\class headers</Filter>
    </ClInclude>
    <ClInclude Include="Filereader.h">
      <Filter>Pliki nagłówkowe\class headers</Filter>
    </ClInclude>
    <ClInclude Include="CinemaHallWindow.h">
      <Filter>Pliki nagłówkowe</Filter>
    </ClInclude>
    <ClInclude Include="Seatschecker.h">
      <Filter>Pliki nagłówkowe\class headers</Filter>
    </ClInclude>
    <ClInclude Include="ConfirmationWindow.h">
      <Filter>Pliki nagłówkowe</Filter>
    </ClInclude>
    <ClInclude Include="ReservationSaver.h">
      <Filter>Pliki nagłówkowe\class headers</Filter>
    </ClInclude>
    <ClInclude Include="CodeGenerator.h">
      <Filter>Pliki nagłówkowe\class headers</Filter>
    </ClInclude>
  </ItemGroup>
  <ItemGroup>
    <ClCompile Include="MainWindow.cpp">
      <Filter>Pliki źródłowe</Filter>
    </ClCompile>
    <ClCompile Include="DateWindow.cpp">
      <Filter>Pliki źródłowe</Filter>
    </ClCompile>
    <ClCompile Include="Date.cpp">
      <Filter>Pliki źródłowe\class source</Filter>
    </ClCompile>
    <ClCompile Include="MovieWindow.cpp">
      <Filter>Pliki źródłowe</Filter>
    </ClCompile>
    <ClCompile Include="Reservation.cpp">
      <Filter>Pliki źródłowe\class source</Filter>
    </ClCompile>
    <ClCompile Include="Filereader.cpp">
      <Filter>Pliki źródłowe\class source</Filter>
    </ClCompile>
    <ClCompile Include="CinemaHallWindow.cpp">
      <Filter>Pliki źródłowe</Filter>
    </ClCompile>
    <ClCompile Include="Seatschecker.cpp">
      <Filter>Pliki źródłowe\class source</Filter>
    </ClCompile>
    <ClCompile Include="ConfirmationWindow.cpp">
      <Filter>Pliki źródłowe</Filter>
    </ClCompile>
    <ClCompile Include="ReservationSaver.cpp">
      <Filter>Pliki źródłowe\class source</Filter>
    </ClCompile>
    <ClCompile Include="CodeGenerator.cpp">
      <Filter>Pliki źródłowe\class source</Filter>
    </ClCompile>
  </ItemGroup>
  <ItemGroup>
    <EmbeddedResource Include="MainWindow.pl-PL.resx">
      <Filter>Pliki zasobów</Filter>
    </EmbeddedResource>
    <EmbeddedResource Include="MainWindow.resx">
      <Filter>Pliki zasobów</Filter>
    </EmbeddedResource>
    <EmbeddedResource Include="DateWindow.resx">
      <Filter>Pliki zasobów</Filter>
    </EmbeddedResource>
    <EmbeddedResource Include="MovieWindow.resx">
      <Filter>Pliki zasobów</Filter>
    </EmbeddedResource>
    <EmbeddedResource Include="CinemaHallWindow.resx">
      <Filter>Pliki zasobów</Filter>
    </EmbeddedResource>
    <EmbeddedResource Include="ConfirmationWindow.resx">
      <Filter>Pliki zasobów</Filter>
    </EmbeddedResource>
  </ItemGroup>
</Project>